// !$*UTF8*$!
{
	archiveVersion = 1;
	classes = {
	};
	objectVersion = 46;
	objects = {

/* Begin PBXBuildFile section */
		29F70A971DB38EF70069BF97 /* AppDelegate.swift in Sources */ = {isa = PBXBuildFile; fileRef = 29F70A961DB38EF70069BF97 /* AppDelegate.swift */; };
		29F70A991DB38EF70069BF97 /* ViewController.swift in Sources */ = {isa = PBXBuildFile; fileRef = 29F70A981DB38EF70069BF97 /* ViewController.swift */; };
		29F70A9C1DB38EF70069BF97 /* Main.storyboard in Resources */ = {isa = PBXBuildFile; fileRef = 29F70A9A1DB38EF70069BF97 /* Main.storyboard */; };
		29F70A9E1DB38EF70069BF97 /* Assets.xcassets in Resources */ = {isa = PBXBuildFile; fileRef = 29F70A9D1DB38EF70069BF97 /* Assets.xcassets */; };
		29F70AA11DB38EF70069BF97 /* LaunchScreen.storyboard in Resources */ = {isa = PBXBuildFile; fileRef = 29F70A9F1DB38EF70069BF97 /* LaunchScreen.storyboard */; };
		29F70AAC1DB38EF70069BF97 /* SwiftCalculatorTests.swift in Sources */ = {isa = PBXBuildFile; fileRef = 29F70AAB1DB38EF70069BF97 /* SwiftCalculatorTests.swift */; };
		29F70AB71DB38EF70069BF97 /* SwiftCalculatorUITests.swift in Sources */ = {isa = PBXBuildFile; fileRef = 29F70AB61DB38EF70069BF97 /* SwiftCalculatorUITests.swift */; };
/* End PBXBuildFile section */

/* Begin PBXContainerItemProxy section */
		29F70AA81DB38EF70069BF97 /* PBXContainerItemProxy */ = {
			isa = PBXContainerItemProxy;
			containerPortal = 29F70A8B1DB38EF70069BF97 /* Project object */;
			proxyType = 1;
			remoteGlobalIDString = 29F70A921DB38EF70069BF97;
			remoteInfo = SwiftCalculator;
		};
		29F70AB31DB38EF70069BF97 /* PBXContainerItemProxy */ = {
			isa = PBXContainerItemProxy;
			containerPortal = 29F70A8B1DB38EF70069BF97 /* Project object */;
			proxyType = 1;
			remoteGlobalIDString = 29F70A921DB38EF70069BF97;
			remoteInfo = SwiftCalculator;
		};
/* End PBXContainerItemProxy section */

/* Begin PBXFileReference section */
		29F70A931DB38EF70069BF97 /* SwiftCalculator.app */ = {isa = PBXFileReference; explicitFileType = wrapper.application; includeInIndex = 0; path = SwiftCalculator.app; sourceTree = BUILT_PRODUCTS_DIR; };
		29F70A961DB38EF70069BF97 /* AppDelegate.swift */ = {isa = PBXFileReference; lastKnownFileType = sourcecode.swift; path = AppDelegate.swift; sourceTree = "<group>"; };
		29F70A981DB38EF70069BF97 /* ViewController.swift */ = {isa = PBXFileReference; lastKnownFileType = sourcecode.swift; path = ViewController.swift; sourceTree = "<group>"; };
		29F70A9B1DB38EF70069BF97 /* Base */ = {isa = PBXFileReference; lastKnownFileType = file.storyboard; name = Base; path = Base.lproj/Main.storyboard; sourceTree = "<group>"; };
		29F70A9D1DB38EF70069BF97 /* Assets.xcassets */ = {isa = PBXFileReference; lastKnownFileType = folder.assetcatalog; path = Assets.xcassets; sourceTree = "<group>"; };
		29F70AA01DB38EF70069BF97 /* Base */ = {isa = PBXFileReference; lastKnownFileType = file.storyboard; name = Base; path = Base.lproj/LaunchScreen.storyboard; sourceTree = "<group>"; };
		29F70AA21DB38EF70069BF97 /* Info.plist */ = {isa = PBXFileReference; lastKnownFileType = text.plist.xml; path = Info.plist; sourceTree = "<group>"; };
		29F70AA71DB38EF70069BF97 /* SwiftCalculatorTests.xctest */ = {isa = PBXFileReference; explicitFileType = wrapper.cfbundle; includeInIndex = 0; path = SwiftCalculatorTests.xctest; sourceTree = BUILT_PRODUCTS_DIR; };
		29F70AAB1DB38EF70069BF97 /* SwiftCalculatorTests.swift */ = {isa = PBXFileReference; lastKnownFileType = sourcecode.swift; path = SwiftCalculatorTests.swift; sourceTree = "<group>"; };
		29F70AAD1DB38EF70069BF97 /* Info.plist */ = {isa = PBXFileReference; lastKnownFileType = text.plist.xml; path = Info.plist; sourceTree = "<group>"; };
		29F70AB21DB38EF70069BF97 /* SwiftCalculatorUITests.xctest */ = {isa = PBXFileReference; explicitFileType = wrapper.cfbundle; includeInIndex = 0; path = SwiftCalculatorUITests.xctest; sourceTree = BUILT_PRODUCTS_DIR; };
		29F70AB61DB38EF70069BF97 /* SwiftCalculatorUITests.swift */ = {isa = PBXFileReference; lastKnownFileType = sourcecode.swift; path = SwiftCalculatorUITests.swift; sourceTree = "<group>"; };
		29F70AB81DB38EF70069BF97 /* Info.plist */ = {isa = PBXFileReference; lastKnownFileType = text.plist.xml; path = Info.plist; sourceTree = "<group>"; };
/* End PBXFileReference section */

/* Begin PBXFrameworksBuildPhase section */
		29F70A901DB38EF70069BF97 /* Frameworks */ = {
			isa = PBXFrameworksBuildPhase;
			buildActionMask = 2147483647;
			files = (
			);
			runOnlyForDeploymentPostprocessing = 0;
		};
		29F70AA41DB38EF70069BF97 /* Frameworks */ = {
			isa = PBXFrameworksBuildPhase;
			buildActionMask = 2147483647;
			files = (
			);
			runOnlyForDeploymentPostprocessing = 0;
		};
		29F70AAF1DB38EF70069BF97 /* Frameworks */ = {
			isa = PBXFrameworksBuildPhase;
			buildActionMask = 2147483647;
			files = (
			);
			runOnlyForDeploymentPostprocessing = 0;
		};
/* End PBXFrameworksBuildPhase section */

/* Begin PBXGroup section */
		29F70A8A1DB38EF70069BF97 = {
			isa = PBXGroup;
			children = (
				29F70A951DB38EF70069BF97 /* SwiftCalculator */,
				29F70AAA1DB38EF70069BF97 /* SwiftCalculatorTests */,
				29F70AB51DB38EF70069BF97 /* SwiftCalculatorUITests */,
				29F70A941DB38EF70069BF97 /* Products */,
			);
			sourceTree = "<group>";
		};
		29F70A941DB38EF70069BF97 /* Products */ = {
			isa = PBXGroup;
			children = (
				29F70A931DB38EF70069BF97 /* SwiftCalculator.app */,
				29F70AA71DB38EF70069BF97 /* SwiftCalculatorTests.xctest */,
				29F70AB21DB38EF70069BF97 /* SwiftCalculatorUITests.xctest */,
			);
			name = Products;
			sourceTree = "<group>";
		};
		29F70A951DB38EF70069BF97 /* SwiftCalculator */ = {
			isa = PBXGroup;
			children = (
				29F70A961DB38EF70069BF97 /* AppDelegate.swift */,
				29F70A981DB38EF70069BF97 /* ViewController.swift */,
				29F70A9A1DB38EF70069BF97 /* Main.storyboard */,
				29F70A9D1DB38EF70069BF97 /* Assets.xcassets */,
				29F70A9F1DB38EF70069BF97 /* LaunchScreen.storyboard */,
				29F70AA21DB38EF70069BF97 /* Info.plist */,
			);
			path = SwiftCalculator;
			sourceTree = "<group>";
		};
		29F70AAA1DB38EF70069BF97 /* SwiftCalculatorTests */ = {
			isa = PBXGroup;
			children = (
				29F70AAB1DB38EF70069BF97 /* SwiftCalculatorTests.swift */,
				29F70AAD1DB38EF70069BF97 /* Info.plist */,
			);
			path = SwiftCalculatorTests;
			sourceTree = "<group>";
		};
		29F70AB51DB38EF70069BF97 /* SwiftCalculatorUITests */ = {
			isa = PBXGroup;
			children = (
				29F70AB61DB38EF70069BF97 /* SwiftCalculatorUITests.swift */,
				29F70AB81DB38EF70069BF97 /* Info.plist */,
			);
			path = SwiftCalculatorUITests;
			sourceTree = "<group>";
		};
/* End PBXGroup section */

/* Begin PBXNativeTarget section */
		29F70A921DB38EF70069BF97 /* SwiftCalculator */ = {
			isa = PBXNativeTarget;
			buildConfigurationList = 29F70ABB1DB38EF70069BF97 /* Build configuration list for PBXNativeTarget "SwiftCalculator" */;
			buildPhases = (
				29F70A8F1DB38EF70069BF97 /* Sources */,
				29F70A901DB38EF70069BF97 /* Frameworks */,
				29F70A911DB38EF70069BF97 /* Resources */,
			);
			buildRules = (
			);
			dependencies = (
			);
			name = SwiftCalculator;
			productName = SwiftCalculator;
			productReference = 29F70A931DB38EF70069BF97 /* SwiftCalculator.app */;
			productType = "com.apple.product-type.application";
		};
		29F70AA61DB38EF70069BF97 /* SwiftCalculatorTests */ = {
			isa = PBXNativeTarget;
			buildConfigurationList = 29F70ABE1DB38EF70069BF97 /* Build configuration list for PBXNativeTarget "SwiftCalculatorTests" */;
			buildPhases = (
				29F70AA31DB38EF70069BF97 /* Sources */,
				29F70AA41DB38EF70069BF97 /* Frameworks */,
				29F70AA51DB38EF70069BF97 /* Resources */,
			);
			buildRules = (
			);
			dependencies = (
				29F70AA91DB38EF70069BF97 /* PBXTargetDependency */,
			);
			name = SwiftCalculatorTests;
			productName = SwiftCalculatorTests;
			productReference = 29F70AA71DB38EF70069BF97 /* SwiftCalculatorTests.xctest */;
			productType = "com.apple.product-type.bundle.unit-test";
		};
		29F70AB11DB38EF70069BF97 /* SwiftCalculatorUITests */ = {
			isa = PBXNativeTarget;
			buildConfigurationList = 29F70AC11DB38EF70069BF97 /* Build configuration list for PBXNativeTarget "SwiftCalculatorUITests" */;
			buildPhases = (
				29F70AAE1DB38EF70069BF97 /* Sources */,
				29F70AAF1DB38EF70069BF97 /* Frameworks */,
				29F70AB01DB38EF70069BF97 /* Resources */,
			);
			buildRules = (
			);
			dependencies = (
				29F70AB41DB38EF70069BF97 /* PBXTargetDependency */,
			);
			name = SwiftCalculatorUITests;
			productName = SwiftCalculatorUITests;
			productReference = 29F70AB21DB38EF70069BF97 /* SwiftCalculatorUITests.xctest */;
			productType = "com.apple.product-type.bundle.ui-testing";
		};
/* End PBXNativeTarget section */

/* Begin PBXProject section */
		29F70A8B1DB38EF70069BF97 /* Project object */ = {
			isa = PBXProject;
			attributes = {
				LastSwiftUpdateCheck = 0730;
				LastUpgradeCheck = 0730;
				ORGANIZATIONNAME = "Amiruddin Nagri";
				TargetAttributes = {
					29F70A921DB38EF70069BF97 = {
						CreatedOnToolsVersion = 7.3.1;
					};
					29F70AA61DB38EF70069BF97 = {
						CreatedOnToolsVersion = 7.3.1;
						TestTargetID = 29F70A921DB38EF70069BF97;
					};
					29F70AB11DB38EF70069BF97 = {
						CreatedOnToolsVersion = 7.3.1;
						TestTargetID = 29F70A921DB38EF70069BF97;
					};
				};
			};
			buildConfigurationList = 29F70A8E1DB38EF70069BF97 /* Build configuration list for PBXProject "SwiftCalculator" */;
			compatibilityVersion = "Xcode 3.2";
			developmentRegion = English;
			hasScannedForEncodings = 0;
			knownRegions = (
				en,
				Base,
			);
			mainGroup = 29F70A8A1DB38EF70069BF97;
			productRefGroup = 29F70A941DB38EF70069BF97 /* Products */;
			projectDirPath = "";
			projectRoot = "";
			targets = (
				29F70A921DB38EF70069BF97 /* SwiftCalculator */,
				29F70AA61DB38EF70069BF97 /* SwiftCalculatorTests */,
				29F70AB11DB38EF70069BF97 /* SwiftCalculatorUITests */,
			);
		};
/* End PBXProject section */

/* Begin PBXResourcesBuildPhase section */
		29F70A911DB38EF70069BF97 /* Resources */ = {
			isa = PBXResourcesBuildPhase;
			buildActionMask = 2147483647;
			files = (
				29F70AA11DB38EF70069BF97 /* LaunchScreen.storyboard in Resources */,
				29F70A9E1DB38EF70069BF97 /* Assets.xcassets in Resources */,
				29F70A9C1DB38EF70069BF97 /* Main.storyboard in Resources */,
			);
			runOnlyForDeploymentPostprocessing = 0;
		};
		29F70AA51DB38EF70069BF97 /* Resources */ = {
			isa = PBXResourcesBuildPhase;
			buildActionMask = 2147483647;
			files = (
			);
			runOnlyForDeploymentPostprocessing = 0;
		};
		29F70AB01DB38EF70069BF97 /* Resources */ = {
			isa = PBXResourcesBuildPhase;
			buildActionMask = 2147483647;
			files = (
			);
			runOnlyForDeploymentPostprocessing = 0;
		};
/* End PBXResourcesBuildPhase section */

/* Begin PBXSourcesBuildPhase section */
		29F70A8F1DB38EF70069BF97 /* Sources */ = {
			isa = PBXSourcesBuildPhase;
			buildActionMask = 2147483647;
			files = (
				29F70A991DB38EF70069BF97 /* ViewController.swift in Sources */,
				29F70A971DB38EF70069BF97 /* AppDelegate.swift in Sources */,
			);
			runOnlyForDeploymentPostprocessing = 0;
		};
		29F70AA31DB38EF70069BF97 /* Sources */ = {
			isa = PBXSourcesBuildPhase;
			buildActionMask = 2147483647;
			files = (
				29F70AAC1DB38EF70069BF97 /* SwiftCalculatorTests.swift in Sources */,
			);
			runOnlyForDeploymentPostprocessing = 0;
		};
		29F70AAE1DB38EF70069BF97 /* Sources */ = {
			isa = PBXSourcesBuildPhase;
			buildActionMask = 2147483647;
			files = (
				29F70AB71DB38EF70069BF97 /* SwiftCalculatorUITests.swift in Sources */,
			);
			runOnlyForDeploymentPostprocessing = 0;
		};
/* End PBXSourcesBuildPhase section */

/* Begin PBXTargetDependency section */
		29F70AA91DB38EF70069BF97 /* PBXTargetDependency */ = {
			isa = PBXTargetDependency;
			target = 29F70A921DB38EF70069BF97 /* SwiftCalculator */;
			targetProxy = 29F70AA81DB38EF70069BF97 /* PBXContainerItemProxy */;
		};
		29F70AB41DB38EF70069BF97 /* PBXTargetDependency */ = {
			isa = PBXTargetDependency;
			target = 29F70A921DB38EF70069BF97 /* SwiftCalculator */;
			targetProxy = 29F70AB31DB38EF70069BF97 /* PBXContainerItemProxy */;
		};
/* End PBXTargetDependency section */

/* Begin PBXVariantGroup section */
		29F70A9A1DB38EF70069BF97 /* Main.storyboard */ = {
			isa = PBXVariantGroup;
			children = (
				29F70A9B1DB38EF70069BF97 /* Base */,
			);
			name = Main.storyboard;
			sourceTree = "<group>";
		};
		29F70A9F1DB38EF70069BF97 /* LaunchScreen.storyboard */ = {
			isa = PBXVariantGroup;
			children = (
				29F70AA01DB38EF70069BF97 /* Base */,
			);
			name = LaunchScreen.storyboard;
			sourceTree = "<group>";
		};
/* End PBXVariantGroup section */

/* Begin XCBuildConfiguration section */
		29F70AB91DB38EF70069BF97 /* Debug */ = {
			isa = XCBuildConfiguration;
			buildSettings = {
				ALWAYS_SEARCH_USER_PATHS = NO;
				CLANG_ANALYZER_NONNULL = YES;
				CLANG_CXX_LANGUAGE_STANDARD = "gnu++0x";
				CLANG_CXX_LIBRARY = "libc++";
				CLANG_ENABLE_MODULES = YES;
				CLANG_ENABLE_OBJC_ARC = YES;
				CLANG_WARN_BOOL_CONVERSION = YES;
				CLANG_WARN_CONSTANT_CONVERSION = YES;
				CLANG_WARN_DIRECT_OBJC_ISA_USAGE = YES_ERROR;
				CLANG_WARN_EMPTY_BODY = YES;
				CLANG_WARN_ENUM_CONVERSION = YES;
				CLANG_WARN_INT_CONVERSION = YES;
				CLANG_WARN_OBJC_ROOT_CLASS = YES_ERROR;
				CLANG_WARN_UNREACHABLE_CODE = YES;
				CLANG_WARN__DUPLICATE_METHOD_MATCH = YES;
				"CODE_SIGN_IDENTITY[sdk=iphoneos*]" = "iPhone Developer";
				COPY_PHASE_STRIP = NO;
				DEBUG_INFORMATION_FORMAT = dwarf;
				ENABLE_STRICT_OBJC_MSGSEND = YES;
				ENABLE_TESTABILITY = YES;
				GCC_C_LANGUAGE_STANDARD = gnu99;
				GCC_DYNAMIC_NO_PIC = NO;
				GCC_NO_COMMON_BLOCKS = YES;
				GCC_OPTIMIZATION_LEVEL = 0;
				GCC_PREPROCESSOR_DEFINITIONS = (
					"DEBUG=1",
					"$(inherited)",
				);
				GCC_WARN_64_TO_32_BIT_CONVERSION = YES;
				GCC_WARN_ABOUT_RETURN_TYPE = YES_ERROR;
				GCC_WARN_UNDECLARED_SELECTOR = YES;
				GCC_WARN_UNINITIALIZED_AUTOS = YES_AGGRESSIVE;
				GCC_WARN_UNUSED_FUNCTION = YES;
				GCC_WARN_UNUSED_VARIABLE = YES;
				IPHONEOS_DEPLOYMENT_TARGET = 9.3;
				MTL_ENABLE_DEBUG_INFO = YES;
				ONLY_ACTIVE_ARCH = YES;
				SDKROOT = iphoneos;
				SWIFT_OPTIMIZATION_LEVEL = "-Onone";
			};
			name = Debug;
		};
		29F70ABA1DB38EF70069BF97 /* Release */ = {
			isa = XCBuildConfiguration;
			buildSettings = {
				ALWAYS_SEARCH_USER_PATHS = NO;
				CLANG_ANALYZER_NONNULL = YES;
				CLANG_CXX_LANGUAGE_STANDARD = "gnu++0x";
				CLANG_CXX_LIBRARY = "libc++";
				CLANG_ENABLE_MODULES = YES;
				CLANG_ENABLE_OBJC_ARC = YES;
				CLANG_WARN_BOOL_CONVERSION = YES;
				CLANG_WARN_CONSTANT_CONVERSION = YES;
				CLANG_WARN_DIRECT_OBJC_ISA_USAGE = YES_ERROR;
				CLANG_WARN_EMPTY_BODY = YES;
				CLANG_WARN_ENUM_CONVERSION = YES;
				CLANG_WARN_INT_CONVERSION = YES;
				CLANG_WARN_OBJC_ROOT_CLASS = YES_ERROR;
				CLANG_WARN_UNREACHABLE_CODE = YES;
				CLANG_WARN__DUPLICATE_METHOD_MATCH = YES;
				"CODE_SIGN_IDENTITY[sdk=iphoneos*]" = "iPhone Developer";
				COPY_PHASE_STRIP = NO;
				DEBUG_INFORMATION_FORMAT = "dwarf-with-dsym";
				ENABLE_NS_ASSERTIONS = NO;
				ENABLE_STRICT_OBJC_MSGSEND = YES;
				GCC_C_LANGUAGE_STANDARD = gnu99;
				GCC_NO_COMMON_BLOCKS = YES;
				GCC_WARN_64_TO_32_BIT_CONVERSION = YES;
				GCC_WARN_ABOUT_RETURN_TYPE = YES_ERROR;
				GCC_WARN_UNDECLARED_SELECTOR = YES;
				GCC_WARN_UNINITIALIZED_AUTOS = YES_AGGRESSIVE;
				GCC_WARN_UNUSED_FUNCTION = YES;
				GCC_WARN_UNUSED_VARIABLE = YES;
				IPHONEOS_DEPLOYMENT_TARGET = 9.3;
				MTL_ENABLE_DEBUG_INFO = NO;
				SDKROOT = iphoneos;
				VALIDATE_PRODUCT = YES;
			};
			name = Release;
		};
		29F70ABC1DB38EF70069BF97 /* Debug */ = {
			isa = XCBuildConfiguration;
			buildSettings = {
				ASSETCATALOG_COMPILER_APPICON_NAME = AppIcon;
				INFOPLIST_FILE = SwiftCalculator/Info.plist;
				LD_RUNPATH_SEARCH_PATHS = "$(inherited) @executable_path/Frameworks";
				PRODUCT_BUNDLE_IDENTIFIER = gojek.SwiftCalculator;
				PRODUCT_NAME = "$(TARGET_NAME)";
			};
			name = Debug;
		};
		29F70ABD1DB38EF70069BF97 /* Release */ = {
			isa = XCBuildConfiguration;
			buildSettings = {
				ASSETCATALOG_COMPILER_APPICON_NAME = AppIcon;
				INFOPLIST_FILE = SwiftCalculator/Info.plist;
				LD_RUNPATH_SEARCH_PATHS = "$(inherited) @executable_path/Frameworks";
				PRODUCT_BUNDLE_IDENTIFIER = gojek.SwiftCalculator;
				PRODUCT_NAME = "$(TARGET_NAME)";
			};
			name = Release;
		};
		29F70ABF1DB38EF70069BF97 /* Debug */ = {
			isa = XCBuildConfiguration;
			buildSettings = {
				BUNDLE_LOADER = "$(TEST_HOST)";
				INFOPLIST_FILE = SwiftCalculatorTests/Info.plist;
				LD_RUNPATH_SEARCH_PATHS = "$(inherited) @executable_path/Frameworks @loader_path/Frameworks";
				PRODUCT_BUNDLE_IDENTIFIER = gojek.SwiftCalculatorTests;
				PRODUCT_NAME = "$(TARGET_NAME)";
				TEST_HOST = "$(BUILT_PRODUCTS_DIR)/SwiftCalculator.app/SwiftCalculator";
			};
			name = Debug;
		};
		29F70AC01DB38EF70069BF97 /* Release */ = {
			isa = XCBuildConfiguration;
			buildSettings = {
				BUNDLE_LOADER = "$(TEST_HOST)";
				INFOPLIST_FILE = SwiftCalculatorTests/Info.plist;
				LD_RUNPATH_SEARCH_PATHS = "$(inherited) @executable_path/Frameworks @loader_path/Frameworks";
				PRODUCT_BUNDLE_IDENTIFIER = gojek.SwiftCalculatorTests;
				PRODUCT_NAME = "$(TARGET_NAME)";
				TEST_HOST = "$(BUILT_PRODUCTS_DIR)/SwiftCalculator.app/SwiftCalculator";
			};
			name = Release;
		};
		29F70AC21DB38EF70069BF97 /* Debug */ = {
			isa = XCBuildConfiguration;
			buildSettings = {
				INFOPLIST_FILE = SwiftCalculatorUITests/Info.plist;
				LD_RUNPATH_SEARCH_PATHS = "$(inherited) @executable_path/Frameworks @loader_path/Frameworks";
				PRODUCT_BUNDLE_IDENTIFIER = gojek.SwiftCalculatorUITests;
				PRODUCT_NAME = "$(TARGET_NAME)";
				TEST_TARGET_NAME = SwiftCalculator;
			};
			name = Debug;
		};
		29F70AC31DB38EF70069BF97 /* Release */ = {
			isa = XCBuildConfiguration;
			buildSettings = {
				INFOPLIST_FILE = SwiftCalculatorUITests/Info.plist;
				LD_RUNPATH_SEARCH_PATHS = "$(inherited) @executable_path/Frameworks @loader_path/Frameworks";
				PRODUCT_BUNDLE_IDENTIFIER = gojek.SwiftCalculatorUITests;
				PRODUCT_NAME = "$(TARGET_NAME)";
				TEST_TARGET_NAME = SwiftCalculator;
			};
			name = Release;
		};
/* End XCBuildConfiguration section */

/* Begin XCConfigurationList section */
		29F70A8E1DB38EF70069BF97 /* Build configuration list for PBXProject "SwiftCalculator" */ = {
			isa = XCConfigurationList;
			buildConfigurations = (
				29F70AB91DB38EF70069BF97 /* Debug */,
				29F70ABA1DB38EF70069BF97 /* Release */,
			);
			defaultConfigurationIsVisible = 0;
			defaultConfigurationName = Release;
		};
		29F70ABB1DB38EF70069BF97 /* Build configuration list for PBXNativeTarget "SwiftCalculator" */ = {
			isa = XCConfigurationList;
			buildConfigurations = (
				29F70ABC1DB38EF70069BF97 /* Debug */,
				29F70ABD1DB38EF70069BF97 /* Release */,
			);
			defaultConfigurationIsVisible = 0;
		};
		29F70ABE1DB38EF70069BF97 /* Build configuration list for PBXNativeTarget "SwiftCalculatorTests" */ = {
			isa = XCConfigurationList;
			buildConfigurations = (
				29F70ABF1DB38EF70069BF97 /* Debug */,
				29F70AC01DB38EF70069BF97 /* Release */,
			);
			defaultConfigurationIsVisible = 0;
		};
		29F70AC11DB38EF70069BF97 /* Build configuration list for PBXNativeTarget "SwiftCalculatorUITests" */ = {
			isa = XCConfigurationList;
			buildConfigurations = (
				29F70AC21DB38EF70069BF97 /* Debug */,
				29F70AC31DB38EF70069BF97 /* Release */,
			);
			defaultConfigurationIsVisible = 0;
		};
/* End XCConfigurationList section */
	};
	rootObject = 29F70A8B1DB38EF70069BF97 /* Project object */;
}
